
Microsoft Visual Studio Solution File, Format Version 12.00
# Visual Studio Version 17
VisualStudioVersion = 17.8.34322.80
MinimumVisualStudioVersion = 10.0.40219.1
Project("{FAE04EC0-301F-11D3-BF4B-00C04F79EFBC}") = "Expense Tracker app", "Expence Tracker app\Expense Tracker app.csproj", "{8B2A3243-DE07-49FC-B3C9-6AABD6BF84E5}"
EndProject
Global
	GlobalSection(SolutionConfigurationPlatforms) = preSolution
		Debug|Any CPU = Debug|Any CPU
		Release|Any CPU = Release|Any CPU
	EndGlobalSection
	GlobalSection(ProjectConfigurationPlatforms) = postSolution
		{8B2A3243-DE07-49FC-B3C9-6AABD6BF84E5}.Debug|Any CPU.ActiveCfg = Debug|Any CPU
		{8B2A3243-DE07-49FC-B3C9-6AABD6BF84E5}.Debug|Any CPU.Build.0 = Debug|Any CPU
		{8B2A3243-DE07-49FC-B3C9-6AABD6BF84E5}.Release|Any CPU.ActiveCfg = Release|Any CPU
		{8B2A3243-DE07-49FC-B3C9-6AABD6BF84E5}.Release|Any CPU.Build.0 = Release|Any CPU
	EndGlobalSection
	GlobalSection(SolutionProperties) = preSolution
		HideSolutionNode = FALSE
	EndGlobalSection
	GlobalSection(ExtensibilityGlobals) = postSolution
		SolutionGuid = {78AF483E-B5C3-4177-B1B6-6785B1BB7FA0}
	EndGlobalSection
EndGlobal
